
Microsoft Visual Studio Solution File, Format Version 12.00
# Visual Studio Version 17
VisualStudioVersion = 17.0.31912.275
MinimumVisualStudioVersion = 10.0.40219.1
Project("{FAE04EC0-301F-11D3-BF4B-00C04F79EFBC}") = "eCinemaTickets", "eCinemaTickets\eCinemaTickets.csproj", "{22F707D4-D9B0-480A-A3B3-42174C5DA697}"
EndProject
Global
	GlobalSection(SolutionConfigurationPlatforms) = preSolution
		Debug|Any CPU = Debug|Any CPU
		Release|Any CPU = Release|Any CPU
	EndGlobalSection
	GlobalSection(ProjectConfigurationPlatforms) = postSolution
		{22F707D4-D9B0-480A-A3B3-42174C5DA697}.Debug|Any CPU.ActiveCfg = Debug|Any CPU
		{22F707D4-D9B0-480A-A3B3-42174C5DA697}.Debug|Any CPU.Build.0 = Debug|Any CPU
		{22F707D4-D9B0-480A-A3B3-42174C5DA697}.Release|Any CPU.ActiveCfg = Release|Any CPU
		{22F707D4-D9B0-480A-A3B3-42174C5DA697}.Release|Any CPU.Build.0 = Release|Any CPU
	EndGlobalSection
	GlobalSection(SolutionProperties) = preSolution
		HideSolutionNode = FALSE
	EndGlobalSection
	GlobalSection(ExtensibilityGlobals) = postSolution
		SolutionGuid = {E6DCF40A-8B80-4A6C-AA20-5D2140E48D67}
	EndGlobalSection
EndGlobal
